{
  "name": "a-test",
  "lockfileVersion": 3,
  "requires": true,
  "packages": {
    "": {
      "dependencies": {
        "automatasaurus": "file:../automatasaurus/automatasaurus-0.1.0.tgz"
      }
    },
    "node_modules/automatasaurus": {
      "version": "0.1.0",
      "resolved": "file:../automatasaurus/automatasaurus-0.1.0.tgz",
      "integrity": "sha512-72L3YcptEy2cP+WUHvOrZJWejms+wrQlIaOem39UvhRqDnxQc1zUotW6pJlEtDSwOtOn3W4UnpnKDgq//tpxrw==",
      "license": "MIT",
      "bin": {
        "automatasaurus": "bin/cli.js"
      },
      "engines": {
        "node": ">=18.0.0"
      }
    }
  }
}
